
Microsoft Visual Studio Solution File, Format Version 12.00
# Visual Studio Version 16
VisualStudioVersion = 16.0.29613.14
MinimumVisualStudioVersion = 10.0.40219.1
Project("{FAE04EC0-301F-11D3-BF4B-00C04F79EFBC}") = "ImageCropper", "ImageCropper\ImageCropper.csproj", "{359B4AE8-327E-4EA9-8F1D-8BDC5038F75D}"
EndProject
Global
	GlobalSection(SolutionConfigurationPlatforms) = preSolution
		Debug|Any CPU = Debug|Any CPU
		Release|Any CPU = Release|Any CPU
	EndGlobalSection
	GlobalSection(ProjectConfigurationPlatforms) = postSolution
		{359B4AE8-327E-4EA9-8F1D-8BDC5038F75D}.Debug|Any CPU.ActiveCfg = Debug|Any CPU
		{359B4AE8-327E-4EA9-8F1D-8BDC5038F75D}.Debug|Any CPU.Build.0 = Debug|Any CPU
		{359B4AE8-327E-4EA9-8F1D-8BDC5038F75D}.Release|Any CPU.ActiveCfg = Release|Any CPU
		{359B4AE8-327E-4EA9-8F1D-8BDC5038F75D}.Release|Any CPU.Build.0 = Release|Any CPU
	EndGlobalSection
	GlobalSection(SolutionProperties) = preSolution
		HideSolutionNode = FALSE
	EndGlobalSection
	GlobalSection(ExtensibilityGlobals) = postSolution
		SolutionGuid = {50CF2B04-F6BC-4FCF-9060-02E26FEC20DC}
	EndGlobalSection
EndGlobal
